
Microsoft Visual Studio Solution File, Format Version 12.00
# Visual Studio Version 17
VisualStudioVersion = 17.10.35027.167
MinimumVisualStudioVersion = 10.0.40219.1
Project("{9A19103F-16F7-4668-BE54-9A1E7A4F7556}") = "SemanticKernel.SignalR.Streaming.Handler", "SemanticKernel.SignalR.Streaming.Handler\SemanticKernel.SignalR.Streaming.Handler.csproj", "{48FFDCBD-065E-42EE-9B27-F75385DE8C2C}"
EndProject
Project("{E24C65DC-7377-472B-9ABA-BC803B73C61A}") = "UI", "UI\", "{ED37D409-F267-4A47-8AF7-DA1A2A821AA5}"
	ProjectSection(WebsiteProperties) = preProject
		TargetFrameworkMoniker = ".NETFramework,Version%3Dv4.8"
		Debug.AspNetCompiler.VirtualPath = "/localhost_49254"
		Debug.AspNetCompiler.PhysicalPath = "UI\"
		Debug.AspNetCompiler.TargetPath = "PrecompiledWeb\localhost_49254\"
		Debug.AspNetCompiler.Updateable = "true"
		Debug.AspNetCompiler.ForceOverwrite = "true"
		Debug.AspNetCompiler.FixedNames = "false"
		Debug.AspNetCompiler.Debug = "True"
		Release.AspNetCompiler.VirtualPath = "/localhost_49254"
		Release.AspNetCompiler.PhysicalPath = "UI\"
		Release.AspNetCompiler.TargetPath = "PrecompiledWeb\localhost_49254\"
		Release.AspNetCompiler.Updateable = "true"
		Release.AspNetCompiler.ForceOverwrite = "true"
		Release.AspNetCompiler.FixedNames = "false"
		Release.AspNetCompiler.Debug = "False"
		VWDPort = "49254"
		SlnRelativePath = "UI\"
	EndProjectSection
EndProject
Global
	GlobalSection(SolutionConfigurationPlatforms) = preSolution
		Debug|Any CPU = Debug|Any CPU
		Release|Any CPU = Release|Any CPU
	EndGlobalSection
	GlobalSection(ProjectConfigurationPlatforms) = postSolution
		{48FFDCBD-065E-42EE-9B27-F75385DE8C2C}.Debug|Any CPU.ActiveCfg = Debug|Any CPU
		{48FFDCBD-065E-42EE-9B27-F75385DE8C2C}.Debug|Any CPU.Build.0 = Debug|Any CPU
		{48FFDCBD-065E-42EE-9B27-F75385DE8C2C}.Release|Any CPU.ActiveCfg = Release|Any CPU
		{48FFDCBD-065E-42EE-9B27-F75385DE8C2C}.Release|Any CPU.Build.0 = Release|Any CPU
		{ED37D409-F267-4A47-8AF7-DA1A2A821AA5}.Debug|Any CPU.ActiveCfg = Debug|Any CPU
		{ED37D409-F267-4A47-8AF7-DA1A2A821AA5}.Debug|Any CPU.Build.0 = Debug|Any CPU
		{ED37D409-F267-4A47-8AF7-DA1A2A821AA5}.Release|Any CPU.ActiveCfg = Debug|Any CPU
		{ED37D409-F267-4A47-8AF7-DA1A2A821AA5}.Release|Any CPU.Build.0 = Debug|Any CPU
	EndGlobalSection
	GlobalSection(SolutionProperties) = preSolution
		HideSolutionNode = FALSE
	EndGlobalSection
	GlobalSection(ExtensibilityGlobals) = postSolution
		SolutionGuid = {1E5DFB19-D31A-40C4-BA9E-B0C04A98F72D}
	EndGlobalSection
EndGlobal
